// !$*UTF8*$!
{
	archiveVersion = 1;
	classes = {
	};
	objectVersion = 46;
	objects = {

/* Begin PBXBuildFile section */
		8FDD00021CCAC3EC0023D10E /* CheckCheck.xcdatamodeld in Sources */ = {isa = PBXBuildFile; fileRef = 8FDD00001CCAC3EC0023D10E /* CheckCheck.xcdatamodeld */; };
		8FDD00041CCAC3EC0023D10E /* Assets.xcassets in Resources */ = {isa = PBXBuildFile; fileRef = 8FDD00031CCAC3EC0023D10E /* Assets.xcassets */; };
		8FDD00071CCAC3EC0023D10E /* LaunchScreen.storyboard in Resources */ = {isa = PBXBuildFile; fileRef = 8FDD00051CCAC3EC0023D10E /* LaunchScreen.storyboard */; };
		8FDD000F1CCAC4270023D10E /* HomePage.storyboard in Resources */ = {isa = PBXBuildFile; fileRef = 8FDD000E1CCAC4270023D10E /* HomePage.storyboard */; };
		8FDD00111CCC034F0023D10E /* CreateProfileVC.swift in Sources */ = {isa = PBXBuildFile; fileRef = 8FDD00101CCC034F0023D10E /* CreateProfileVC.swift */; };
		8FDD00131CCC08900023D10E /* GroupManagementTVC.swift in Sources */ = {isa = PBXBuildFile; fileRef = 8FDD00121CCC08900023D10E /* GroupManagementTVC.swift */; };
		8FDD00151CCC08DE0023D10E /* MemberTVC.swift in Sources */ = {isa = PBXBuildFile; fileRef = 8FDD00141CCC08DE0023D10E /* MemberTVC.swift */; };
		8FDD00171CCC09DC0023D10E /* IndividualCheckVC.swift in Sources */ = {isa = PBXBuildFile; fileRef = 8FDD00161CCC09DC0023D10E /* IndividualCheckVC.swift */; };
		8FDD00191CCC10160023D10E /* HomePageVC.swift in Sources */ = {isa = PBXBuildFile; fileRef = 8FDD00181CCC10160023D10E /* HomePageVC.swift */; };
		8FDD001B1CCD0DF20023D10E /* GroupCheckVC.swift in Sources */ = {isa = PBXBuildFile; fileRef = 8FDD001A1CCD0DF20023D10E /* GroupCheckVC.swift */; };
		8FDD001D1CD10D260023D10E /* MemberVC.swift in Sources */ = {isa = PBXBuildFile; fileRef = 8FDD001C1CD10D260023D10E /* MemberVC.swift */; };
		8FDD001F1CD129290023D10E /* AddMemberVC.swift in Sources */ = {isa = PBXBuildFile; fileRef = 8FDD001E1CD129290023D10E /* AddMemberVC.swift */; };
		8FDD00211CD405750023D10E /* ServerFunc.swift in Sources */ = {isa = PBXBuildFile; fileRef = 8FDD00201CD405750023D10E /* ServerFunc.swift */; };
		8FDDFFFA1CCAC3EC0023D10E /* AppDelegate.swift in Sources */ = {isa = PBXBuildFile; fileRef = 8FDDFFF91CCAC3EC0023D10E /* AppDelegate.swift */; };
/* End PBXBuildFile section */

/* Begin PBXFileReference section */
		8FDD00011CCAC3EC0023D10E /* CheckCheck.xcdatamodel */ = {isa = PBXFileReference; lastKnownFileType = wrapper.xcdatamodel; path = CheckCheck.xcdatamodel; sourceTree = "<group>"; };
		8FDD00031CCAC3EC0023D10E /* Assets.xcassets */ = {isa = PBXFileReference; lastKnownFileType = folder.assetcatalog; path = Assets.xcassets; sourceTree = "<group>"; };
		8FDD00061CCAC3EC0023D10E /* Base */ = {isa = PBXFileReference; lastKnownFileType = file.storyboard; name = Base; path = Base.lproj/LaunchScreen.storyboard; sourceTree = "<group>"; };
		8FDD00081CCAC3EC0023D10E /* Info.plist */ = {isa = PBXFileReference; lastKnownFileType = text.plist.xml; path = Info.plist; sourceTree = "<group>"; };
		8FDD000E1CCAC4270023D10E /* HomePage.storyboard */ = {isa = PBXFileReference; fileEncoding = 4; lastKnownFileType = file.storyboard; name = HomePage.storyboard; path = ../HomePage.storyboard; sourceTree = "<group>"; };
		8FDD00101CCC034F0023D10E /* CreateProfileVC.swift */ = {isa = PBXFileReference; fileEncoding = 4; lastKnownFileType = sourcecode.swift; path = CreateProfileVC.swift; sourceTree = "<group>"; };
		8FDD00121CCC08900023D10E /* GroupManagementTVC.swift */ = {isa = PBXFileReference; fileEncoding = 4; lastKnownFileType = sourcecode.swift; path = GroupManagementTVC.swift; sourceTree = "<group>"; };
		8FDD00141CCC08DE0023D10E /* MemberTVC.swift */ = {isa = PBXFileReference; fileEncoding = 4; lastKnownFileType = sourcecode.swift; path = MemberTVC.swift; sourceTree = "<group>"; };
		8FDD00161CCC09DC0023D10E /* IndividualCheckVC.swift */ = {isa = PBXFileReference; fileEncoding = 4; lastKnownFileType = sourcecode.swift; path = IndividualCheckVC.swift; sourceTree = "<group>"; };
		8FDD00181CCC10160023D10E /* HomePageVC.swift */ = {isa = PBXFileReference; fileEncoding = 4; lastKnownFileType = sourcecode.swift; path = HomePageVC.swift; sourceTree = "<group>"; };
		8FDD001A1CCD0DF20023D10E /* GroupCheckVC.swift */ = {isa = PBXFileReference; fileEncoding = 4; lastKnownFileType = sourcecode.swift; path = GroupCheckVC.swift; sourceTree = "<group>"; };
		8FDD001C1CD10D260023D10E /* MemberVC.swift */ = {isa = PBXFileReference; fileEncoding = 4; lastKnownFileType = sourcecode.swift; path = MemberVC.swift; sourceTree = "<group>"; };
		8FDD001E1CD129290023D10E /* AddMemberVC.swift */ = {isa = PBXFileReference; fileEncoding = 4; lastKnownFileType = sourcecode.swift; path = AddMemberVC.swift; sourceTree = "<group>"; };
		8FDD00201CD405750023D10E /* ServerFunc.swift */ = {isa = PBXFileReference; fileEncoding = 4; lastKnownFileType = sourcecode.swift; path = ServerFunc.swift; sourceTree = "<group>"; };
		8FDDFFF61CCAC3EC0023D10E /* CheckCheck.app */ = {isa = PBXFileReference; explicitFileType = wrapper.application; includeInIndex = 0; path = CheckCheck.app; sourceTree = BUILT_PRODUCTS_DIR; };
		8FDDFFF91CCAC3EC0023D10E /* AppDelegate.swift */ = {isa = PBXFileReference; lastKnownFileType = sourcecode.swift; path = AppDelegate.swift; sourceTree = "<group>"; };
/* End PBXFileReference section */

/* Begin PBXFrameworksBuildPhase section */
		8FDDFFF31CCAC3EC0023D10E /* Frameworks */ = {
			isa = PBXFrameworksBuildPhase;
			buildActionMask = 2147483647;
			files = (
			);
			runOnlyForDeploymentPostprocessing = 0;
		};
/* End PBXFrameworksBuildPhase section */

/* Begin PBXGroup section */
		8FDDFFED1CCAC3EC0023D10E = {
			isa = PBXGroup;
			children = (
				8FDDFFF81CCAC3EC0023D10E /* CheckCheck */,
				8FDDFFF71CCAC3EC0023D10E /* Products */,
			);
			sourceTree = "<group>";
		};
		8FDDFFF71CCAC3EC0023D10E /* Products */ = {
			isa = PBXGroup;
			children = (
				8FDDFFF61CCAC3EC0023D10E /* CheckCheck.app */,
			);
			name = Products;
			sourceTree = "<group>";
		};
		8FDDFFF81CCAC3EC0023D10E /* CheckCheck */ = {
			isa = PBXGroup;
			children = (
				8FDDFFF91CCAC3EC0023D10E /* AppDelegate.swift */,
				8FDD00201CD405750023D10E /* ServerFunc.swift */,
				8FDD00031CCAC3EC0023D10E /* Assets.xcassets */,
				8FDD00051CCAC3EC0023D10E /* LaunchScreen.storyboard */,
				8FDD000E1CCAC4270023D10E /* HomePage.storyboard */,
				8FDD00181CCC10160023D10E /* HomePageVC.swift */,
				8FDD00161CCC09DC0023D10E /* IndividualCheckVC.swift */,
				8FDD001A1CCD0DF20023D10E /* GroupCheckVC.swift */,
				8FDD00101CCC034F0023D10E /* CreateProfileVC.swift */,
				8FDD00121CCC08900023D10E /* GroupManagementTVC.swift */,
				8FDD001C1CD10D260023D10E /* MemberVC.swift */,
				8FDD001E1CD129290023D10E /* AddMemberVC.swift */,
				8FDD00081CCAC3EC0023D10E /* Info.plist */,
				8FDD00001CCAC3EC0023D10E /* CheckCheck.xcdatamodeld */,
				8FDD00141CCC08DE0023D10E /* MemberTVC.swift */,
			);
			path = CheckCheck;
			sourceTree = "<group>";
		};
/* End PBXGroup section */

/* Begin PBXNativeTarget section */
		8FDDFFF51CCAC3EC0023D10E /* CheckCheck */ = {
			isa = PBXNativeTarget;
			buildConfigurationList = 8FDD000B1CCAC3EC0023D10E /* Build configuration list for PBXNativeTarget "CheckCheck" */;
			buildPhases = (
				8FDDFFF21CCAC3EC0023D10E /* Sources */,
				8FDDFFF31CCAC3EC0023D10E /* Frameworks */,
				8FDDFFF41CCAC3EC0023D10E /* Resources */,
			);
			buildRules = (
			);
			dependencies = (
			);
			name = CheckCheck;
			productName = CheckCheck;
			productReference = 8FDDFFF61CCAC3EC0023D10E /* CheckCheck.app */;
			productType = "com.apple.product-type.application";
		};
/* End PBXNativeTarget section */

/* Begin PBXProject section */
		8FDDFFEE1CCAC3EC0023D10E /* Project object */ = {
			isa = PBXProject;
			attributes = {
				LastSwiftUpdateCheck = 0730;
				LastUpgradeCheck = 0730;
				ORGANIZATIONNAME = com.Brown.Leo;
				TargetAttributes = {
					8FDDFFF51CCAC3EC0023D10E = {
						CreatedOnToolsVersion = 7.3;
						DevelopmentTeam = 372W55KC55;
					};
				};
			};
			buildConfigurationList = 8FDDFFF11CCAC3EC0023D10E /* Build configuration list for PBXProject "CheckCheck" */;
			compatibilityVersion = "Xcode 3.2";
			developmentRegion = English;
			hasScannedForEncodings = 0;
			knownRegions = (
				en,
				Base,
			);
			mainGroup = 8FDDFFED1CCAC3EC0023D10E;
			productRefGroup = 8FDDFFF71CCAC3EC0023D10E /* Products */;
			projectDirPath = "";
			projectRoot = "";
			targets = (
				8FDDFFF51CCAC3EC0023D10E /* CheckCheck */,
			);
		};
/* End PBXProject section */

/* Begin PBXResourcesBuildPhase section */
		8FDDFFF41CCAC3EC0023D10E /* Resources */ = {
			isa = PBXResourcesBuildPhase;
			buildActionMask = 2147483647;
			files = (
				8FDD00071CCAC3EC0023D10E /* LaunchScreen.storyboard in Resources */,
				8FDD00041CCAC3EC0023D10E /* Assets.xcassets in Resources */,
				8FDD000F1CCAC4270023D10E /* HomePage.storyboard in Resources */,
			);
			runOnlyForDeploymentPostprocessing = 0;
		};
/* End PBXResourcesBuildPhase section */

/* Begin PBXSourcesBuildPhase section */
		8FDDFFF21CCAC3EC0023D10E /* Sources */ = {
			isa = PBXSourcesBuildPhase;
			buildActionMask = 2147483647;
			files = (
				8FDD00211CD405750023D10E /* ServerFunc.swift in Sources */,
				8FDD00151CCC08DE0023D10E /* MemberTVC.swift in Sources */,
				8FDD001B1CCD0DF20023D10E /* GroupCheckVC.swift in Sources */,
				8FDD00021CCAC3EC0023D10E /* CheckCheck.xcdatamodeld in Sources */,
				8FDD00111CCC034F0023D10E /* CreateProfileVC.swift in Sources */,
				8FDD00131CCC08900023D10E /* GroupManagementTVC.swift in Sources */,
				8FDD00191CCC10160023D10E /* HomePageVC.swift in Sources */,
				8FDD001F1CD129290023D10E /* AddMemberVC.swift in Sources */,
				8FDD001D1CD10D260023D10E /* MemberVC.swift in Sources */,
				8FDD00171CCC09DC0023D10E /* IndividualCheckVC.swift in Sources */,
				8FDDFFFA1CCAC3EC0023D10E /* AppDelegate.swift in Sources */,
			);
			runOnlyForDeploymentPostprocessing = 0;
		};
/* End PBXSourcesBuildPhase section */

/* Begin PBXVariantGroup section */
		8FDD00051CCAC3EC0023D10E /* LaunchScreen.storyboard */ = {
			isa = PBXVariantGroup;
			children = (
				8FDD00061CCAC3EC0023D10E /* Base */,
			);
			name = LaunchScreen.storyboard;
			sourceTree = "<group>";
		};
/* End PBXVariantGroup section */

/* Begin XCBuildConfiguration section */
		8FDD00091CCAC3EC0023D10E /* Debug */ = {
			isa = XCBuildConfiguration;
			buildSettings = {
				ALWAYS_SEARCH_USER_PATHS = NO;
				CLANG_ANALYZER_NONNULL = YES;
				CLANG_CXX_LANGUAGE_STANDARD = "gnu++0x";
				CLANG_CXX_LIBRARY = "libc++";
				CLANG_ENABLE_MODULES = YES;
				CLANG_ENABLE_OBJC_ARC = YES;
				CLANG_WARN_BOOL_CONVERSION = YES;
				CLANG_WARN_CONSTANT_CONVERSION = YES;
				CLANG_WARN_DIRECT_OBJC_ISA_USAGE = YES_ERROR;
				CLANG_WARN_EMPTY_BODY = YES;
				CLANG_WARN_ENUM_CONVERSION = YES;
				CLANG_WARN_INT_CONVERSION = YES;
				CLANG_WARN_OBJC_ROOT_CLASS = YES_ERROR;
				CLANG_WARN_UNREACHABLE_CODE = YES;
				CLANG_WARN__DUPLICATE_METHOD_MATCH = YES;
				"CODE_SIGN_IDENTITY[sdk=iphoneos*]" = "iPhone Developer";
				COPY_PHASE_STRIP = NO;
				DEBUG_INFORMATION_FORMAT = dwarf;
				ENABLE_STRICT_OBJC_MSGSEND = YES;
				ENABLE_TESTABILITY = YES;
				GCC_C_LANGUAGE_STANDARD = gnu99;
				GCC_DYNAMIC_NO_PIC = NO;
				GCC_NO_COMMON_BLOCKS = YES;
				GCC_OPTIMIZATION_LEVEL = 0;
				GCC_PREPROCESSOR_DEFINITIONS = (
					"DEBUG=1",
					"$(inherited)",
				);
				GCC_WARN_64_TO_32_BIT_CONVERSION = YES;
				GCC_WARN_ABOUT_RETURN_TYPE = YES_ERROR;
				GCC_WARN_UNDECLARED_SELECTOR = YES;
				GCC_WARN_UNINITIALIZED_AUTOS = YES_AGGRESSIVE;
				GCC_WARN_UNUSED_FUNCTION = YES;
				GCC_WARN_UNUSED_VARIABLE = YES;
				IPHONEOS_DEPLOYMENT_TARGET = 9.3;
				MTL_ENABLE_DEBUG_INFO = YES;
				ONLY_ACTIVE_ARCH = YES;
				SDKROOT = iphoneos;
				SWIFT_OPTIMIZATION_LEVEL = "-Onone";
				TARGETED_DEVICE_FAMILY = "1,2";
			};
			name = Debug;
		};
		8FDD000A1CCAC3EC0023D10E /* Release */ = {
			isa = XCBuildConfiguration;
			buildSettings = {
				ALWAYS_SEARCH_USER_PATHS = NO;
				CLANG_ANALYZER_NONNULL = YES;
				CLANG_CXX_LANGUAGE_STANDARD = "gnu++0x";
				CLANG_CXX_LIBRARY = "libc++";
				CLANG_ENABLE_MODULES = YES;
				CLANG_ENABLE_OBJC_ARC = YES;
				CLANG_WARN_BOOL_CONVERSION = YES;
				CLANG_WARN_CONSTANT_CONVERSION = YES;
				CLANG_WARN_DIRECT_OBJC_ISA_USAGE = YES_ERROR;
				CLANG_WARN_EMPTY_BODY = YES;
				CLANG_WARN_ENUM_CONVERSION = YES;
				CLANG_WARN_INT_CONVERSION = YES;
				CLANG_WARN_OBJC_ROOT_CLASS = YES_ERROR;
				CLANG_WARN_UNREACHABLE_CODE = YES;
				CLANG_WARN__DUPLICATE_METHOD_MATCH = YES;
				"CODE_SIGN_IDENTITY[sdk=iphoneos*]" = "iPhone Developer";
				COPY_PHASE_STRIP = NO;
				DEBUG_INFORMATION_FORMAT = "dwarf-with-dsym";
				ENABLE_NS_ASSERTIONS = NO;
				ENABLE_STRICT_OBJC_MSGSEND = YES;
				GCC_C_LANGUAGE_STANDARD = gnu99;
				GCC_NO_COMMON_BLOCKS = YES;
				GCC_WARN_64_TO_32_BIT_CONVERSION = YES;
				GCC_WARN_ABOUT_RETURN_TYPE = YES_ERROR;
				GCC_WARN_UNDECLARED_SELECTOR = YES;
				GCC_WARN_UNINITIALIZED_AUTOS = YES_AGGRESSIVE;
				GCC_WARN_UNUSED_FUNCTION = YES;
				GCC_WARN_UNUSED_VARIABLE = YES;
				IPHONEOS_DEPLOYMENT_TARGET = 9.3;
				MTL_ENABLE_DEBUG_INFO = NO;
				SDKROOT = iphoneos;
				TARGETED_DEVICE_FAMILY = "1,2";
				VALIDATE_PRODUCT = YES;
			};
			name = Release;
		};
		8FDD000C1CCAC3EC0023D10E /* Debug */ = {
			isa = XCBuildConfiguration;
			buildSettings = {
				ASSETCATALOG_COMPILER_APPICON_NAME = AppIcon;
				INFOPLIST_FILE = CheckCheck/Info.plist;
				LD_RUNPATH_SEARCH_PATHS = "$(inherited) @executable_path/Frameworks";
				PRODUCT_BUNDLE_IDENTIFIER = Leo.CheckCheck;
				PRODUCT_NAME = "$(TARGET_NAME)";
			};
			name = Debug;
		};
		8FDD000D1CCAC3EC0023D10E /* Release */ = {
			isa = XCBuildConfiguration;
			buildSettings = {
				ASSETCATALOG_COMPILER_APPICON_NAME = AppIcon;
				INFOPLIST_FILE = CheckCheck/Info.plist;
				LD_RUNPATH_SEARCH_PATHS = "$(inherited) @executable_path/Frameworks";
				PRODUCT_BUNDLE_IDENTIFIER = Leo.CheckCheck;
				PRODUCT_NAME = "$(TARGET_NAME)";
			};
			name = Release;
		};
/* End XCBuildConfiguration section */

/* Begin XCConfigurationList section */
		8FDD000B1CCAC3EC0023D10E /* Build configuration list for PBXNativeTarget "CheckCheck" */ = {
			isa = XCConfigurationList;
			buildConfigurations = (
				8FDD000C1CCAC3EC0023D10E /* Debug */,
				8FDD000D1CCAC3EC0023D10E /* Release */,
			);
			defaultConfigurationIsVisible = 0;
		};
		8FDDFFF11CCAC3EC0023D10E /* Build configuration list for PBXProject "CheckCheck" */ = {
			isa = XCConfigurationList;
			buildConfigurations = (
				8FDD00091CCAC3EC0023D10E /* Debug */,
				8FDD000A1CCAC3EC0023D10E /* Release */,
			);
			defaultConfigurationIsVisible = 0;
			defaultConfigurationName = Release;
		};
/* End XCConfigurationList section */

/* Begin XCVersionGroup section */
		8FDD00001CCAC3EC0023D10E /* CheckCheck.xcdatamodeld */ = {
			isa = XCVersionGroup;
			children = (
				8FDD00011CCAC3EC0023D10E /* CheckCheck.xcdatamodel */,
			);
			currentVersion = 8FDD00011CCAC3EC0023D10E /* CheckCheck.xcdatamodel */;
			path = CheckCheck.xcdatamodeld;
			sourceTree = "<group>";
			versionGroupType = wrapper.xcdatamodel;
		};
/* End XCVersionGroup section */
	};
	rootObject = 8FDDFFEE1CCAC3EC0023D10E /* Project object */;
}
